// !$*UTF8*$!
{
	archiveVersion = 1;
	classes = {
	};
	objectVersion = 46;
	objects = {

/* Begin PBXBuildFile section */
		7E3F752A1C3C12870094B41A /* TestView.m in Sources */ = {isa = PBXBuildFile; fileRef = 7E3F75291C3C12870094B41A /* TestView.m */; };
		7EFFE2C11C39A7A9001896B0 /* main.m in Sources */ = {isa = PBXBuildFile; fileRef = 7EFFE2C01C39A7A9001896B0 /* main.m */; };
		7EFFE2C41C39A7A9001896B0 /* AppDelegate.m in Sources */ = {isa = PBXBuildFile; fileRef = 7EFFE2C31C39A7A9001896B0 /* AppDelegate.m */; };
		7EFFE2CA1C39A7A9001896B0 /* Main.storyboard in Resources */ = {isa = PBXBuildFile; fileRef = 7EFFE2C81C39A7A9001896B0 /* Main.storyboard */; };
		7EFFE2CC1C39A7A9001896B0 /* Assets.xcassets in Resources */ = {isa = PBXBuildFile; fileRef = 7EFFE2CB1C39A7A9001896B0 /* Assets.xcassets */; };
		7EFFE2CF1C39A7A9001896B0 /* LaunchScreen.storyboard in Resources */ = {isa = PBXBuildFile; fileRef = 7EFFE2CD1C39A7A9001896B0 /* LaunchScreen.storyboard */; };
		7EFFE2D81C39A7DD001896B0 /* TestTableViewController.m in Sources */ = {isa = PBXBuildFile; fileRef = 7EFFE2D71C39A7DD001896B0 /* TestTableViewController.m */; };
/* End PBXBuildFile section */

/* Begin PBXFileReference section */
		7E3F75281C3C12870094B41A /* TestView.h */ = {isa = PBXFileReference; fileEncoding = 4; lastKnownFileType = sourcecode.c.h; path = TestView.h; sourceTree = "<group>"; };
		7E3F75291C3C12870094B41A /* TestView.m */ = {isa = PBXFileReference; fileEncoding = 4; lastKnownFileType = sourcecode.c.objc; path = TestView.m; sourceTree = "<group>"; };
		7EFFE2BC1C39A7A9001896B0 /* Test22.app */ = {isa = PBXFileReference; explicitFileType = wrapper.application; includeInIndex = 0; path = Test22.app; sourceTree = BUILT_PRODUCTS_DIR; };
		7EFFE2C01C39A7A9001896B0 /* main.m */ = {isa = PBXFileReference; lastKnownFileType = sourcecode.c.objc; path = main.m; sourceTree = "<group>"; };
		7EFFE2C21C39A7A9001896B0 /* AppDelegate.h */ = {isa = PBXFileReference; lastKnownFileType = sourcecode.c.h; path = AppDelegate.h; sourceTree = "<group>"; };
		7EFFE2C31C39A7A9001896B0 /* AppDelegate.m */ = {isa = PBXFileReference; lastKnownFileType = sourcecode.c.objc; path = AppDelegate.m; sourceTree = "<group>"; };
		7EFFE2C91C39A7A9001896B0 /* Base */ = {isa = PBXFileReference; lastKnownFileType = file.storyboard; name = Base; path = Base.lproj/Main.storyboard; sourceTree = "<group>"; };
		7EFFE2CB1C39A7A9001896B0 /* Assets.xcassets */ = {isa = PBXFileReference; lastKnownFileType = folder.assetcatalog; path = Assets.xcassets; sourceTree = "<group>"; };
		7EFFE2CE1C39A7A9001896B0 /* Base */ = {isa = PBXFileReference; lastKnownFileType = file.storyboard; name = Base; path = Base.lproj/LaunchScreen.storyboard; sourceTree = "<group>"; };
		7EFFE2D01C39A7A9001896B0 /* Info.plist */ = {isa = PBXFileReference; lastKnownFileType = text.plist.xml; path = Info.plist; sourceTree = "<group>"; };
		7EFFE2D61C39A7DD001896B0 /* TestTableViewController.h */ = {isa = PBXFileReference; fileEncoding = 4; lastKnownFileType = sourcecode.c.h; path = TestTableViewController.h; sourceTree = "<group>"; };
		7EFFE2D71C39A7DD001896B0 /* TestTableViewController.m */ = {isa = PBXFileReference; fileEncoding = 4; lastKnownFileType = sourcecode.c.objc; path = TestTableViewController.m; sourceTree = "<group>"; };
/* End PBXFileReference section */

/* Begin PBXFrameworksBuildPhase section */
		7EFFE2B91C39A7A9001896B0 /* Frameworks */ = {
			isa = PBXFrameworksBuildPhase;
			buildActionMask = 2147483647;
			files = (
			);
			runOnlyForDeploymentPostprocessing = 0;
		};
/* End PBXFrameworksBuildPhase section */

/* Begin PBXGroup section */
		7E9A03F61C3D19E8003A3480 /* Controllers */ = {
			isa = PBXGroup;
			children = (
				7EFFE2D61C39A7DD001896B0 /* TestTableViewController.h */,
				7EFFE2D71C39A7DD001896B0 /* TestTableViewController.m */,
			);
			name = Controllers;
			sourceTree = "<group>";
		};
		7E9A03F71C3D19FB003A3480 /* Views */ = {
			isa = PBXGroup;
			children = (
				7E3F75281C3C12870094B41A /* TestView.h */,
				7E3F75291C3C12870094B41A /* TestView.m */,
			);
			name = Views;
			sourceTree = "<group>";
		};
		7EFFE2B31C39A7A9001896B0 = {
			isa = PBXGroup;
			children = (
				7EFFE2BE1C39A7A9001896B0 /* Test22 */,
				7EFFE2BD1C39A7A9001896B0 /* Products */,
			);
			sourceTree = "<group>";
		};
		7EFFE2BD1C39A7A9001896B0 /* Products */ = {
			isa = PBXGroup;
			children = (
				7EFFE2BC1C39A7A9001896B0 /* Test22.app */,
			);
			name = Products;
			sourceTree = "<group>";
		};
		7EFFE2BE1C39A7A9001896B0 /* Test22 */ = {
			isa = PBXGroup;
			children = (
				7EFFE2C81C39A7A9001896B0 /* Main.storyboard */,
				7E9A03F61C3D19E8003A3480 /* Controllers */,
				7E9A03F71C3D19FB003A3480 /* Views */,
				7EFFE2BF1C39A7A9001896B0 /* Supporting Files */,
			);
			path = Test22;
			sourceTree = "<group>";
		};
		7EFFE2BF1C39A7A9001896B0 /* Supporting Files */ = {
			isa = PBXGroup;
			children = (
				7EFFE2C21C39A7A9001896B0 /* AppDelegate.h */,
				7EFFE2C31C39A7A9001896B0 /* AppDelegate.m */,
				7EFFE2CB1C39A7A9001896B0 /* Assets.xcassets */,
				7EFFE2CD1C39A7A9001896B0 /* LaunchScreen.storyboard */,
				7EFFE2D01C39A7A9001896B0 /* Info.plist */,
				7EFFE2C01C39A7A9001896B0 /* main.m */,
			);
			name = "Supporting Files";
			sourceTree = "<group>";
		};
/* End PBXGroup section */

/* Begin PBXNativeTarget section */
		7EFFE2BB1C39A7A9001896B0 /* Test22 */ = {
			isa = PBXNativeTarget;
			buildConfigurationList = 7EFFE2D31C39A7A9001896B0 /* Build configuration list for PBXNativeTarget "Test22" */;
			buildPhases = (
				7EFFE2B81C39A7A9001896B0 /* Sources */,
				7EFFE2B91C39A7A9001896B0 /* Frameworks */,
				7EFFE2BA1C39A7A9001896B0 /* Resources */,
			);
			buildRules = (
			);
			dependencies = (
			);
			name = Test22;
			productName = Test22;
			productReference = 7EFFE2BC1C39A7A9001896B0 /* Test22.app */;
			productType = "com.apple.product-type.application";
		};
/* End PBXNativeTarget section */

/* Begin PBXProject section */
		7EFFE2B41C39A7A9001896B0 /* Project object */ = {
			isa = PBXProject;
			attributes = {
				LastUpgradeCheck = 0720;
				ORGANIZATIONNAME = Administrator;
				TargetAttributes = {
					7EFFE2BB1C39A7A9001896B0 = {
						CreatedOnToolsVersion = 7.2;
						DevelopmentTeam = Z6XKBPL9R9;
					};
				};
			};
			buildConfigurationList = 7EFFE2B71C39A7A9001896B0 /* Build configuration list for PBXProject "Test22" */;
			compatibilityVersion = "Xcode 3.2";
			developmentRegion = English;
			hasScannedForEncodings = 0;
			knownRegions = (
				en,
				Base,
			);
			mainGroup = 7EFFE2B31C39A7A9001896B0;
			productRefGroup = 7EFFE2BD1C39A7A9001896B0 /* Products */;
			projectDirPath = "";
			projectRoot = "";
			targets = (
				7EFFE2BB1C39A7A9001896B0 /* Test22 */,
			);
		};
/* End PBXProject section */

/* Begin PBXResourcesBuildPhase section */
		7EFFE2BA1C39A7A9001896B0 /* Resources */ = {
			isa = PBXResourcesBuildPhase;
			buildActionMask = 2147483647;
			files = (
				7EFFE2CF1C39A7A9001896B0 /* LaunchScreen.storyboard in Resources */,
				7EFFE2CC1C39A7A9001896B0 /* Assets.xcassets in Resources */,
				7EFFE2CA1C39A7A9001896B0 /* Main.storyboard in Resources */,
			);
			runOnlyForDeploymentPostprocessing = 0;
		};
/* End PBXResourcesBuildPhase section */

/* Begin PBXSourcesBuildPhase section */
		7EFFE2B81C39A7A9001896B0 /* Sources */ = {
			isa = PBXSourcesBuildPhase;
			buildActionMask = 2147483647;
			files = (
				7E3F752A1C3C12870094B41A /* TestView.m in Sources */,
				7EFFE2D81C39A7DD001896B0 /* TestTableViewController.m in Sources */,
				7EFFE2C41C39A7A9001896B0 /* AppDelegate.m in Sources */,
				7EFFE2C11C39A7A9001896B0 /* main.m in Sources */,
			);
			runOnlyForDeploymentPostprocessing = 0;
		};
/* End PBXSourcesBuildPhase section */

/* Begin PBXVariantGroup section */
		7EFFE2C81C39A7A9001896B0 /* Main.storyboard */ = {
			isa = PBXVariantGroup;
			children = (
				7EFFE2C91C39A7A9001896B0 /* Base */,
			);
			name = Main.storyboard;
			sourceTree = "<group>";
		};
		7EFFE2CD1C39A7A9001896B0 /* LaunchScreen.storyboard */ = {
			isa = PBXVariantGroup;
			children = (
				7EFFE2CE1C39A7A9001896B0 /* Base */,
			);
			name = LaunchScreen.storyboard;
			sourceTree = "<group>";
		};
/* End PBXVariantGroup section */

/* Begin XCBuildConfiguration section */
		7EFFE2D11C39A7A9001896B0 /* Debug */ = {
			isa = XCBuildConfiguration;
			buildSettings = {
				ALWAYS_SEARCH_USER_PATHS = NO;
				CLANG_CXX_LANGUAGE_STANDARD = "gnu++0x";
				CLANG_CXX_LIBRARY = "libc++";
				CLANG_ENABLE_MODULES = YES;
				CLANG_ENABLE_OBJC_ARC = YES;
				CLANG_WARN_BOOL_CONVERSION = YES;
				CLANG_WARN_CONSTANT_CONVERSION = YES;
				CLANG_WARN_DIRECT_OBJC_ISA_USAGE = YES_ERROR;
				CLANG_WARN_EMPTY_BODY = YES;
				CLANG_WARN_ENUM_CONVERSION = YES;
				CLANG_WARN_INT_CONVERSION = YES;
				CLANG_WARN_OBJC_ROOT_CLASS = YES_ERROR;
				CLANG_WARN_UNREACHABLE_CODE = YES;
				CLANG_WARN__DUPLICATE_METHOD_MATCH = YES;
				"CODE_SIGN_IDENTITY[sdk=iphoneos*]" = "iPhone Developer";
				COPY_PHASE_STRIP = NO;
				DEBUG_INFORMATION_FORMAT = dwarf;
				ENABLE_STRICT_OBJC_MSGSEND = YES;
				ENABLE_TESTABILITY = YES;
				GCC_C_LANGUAGE_STANDARD = gnu99;
				GCC_DYNAMIC_NO_PIC = NO;
				GCC_NO_COMMON_BLOCKS = YES;
				GCC_OPTIMIZATION_LEVEL = 0;
				GCC_PREPROCESSOR_DEFINITIONS = (
					"DEBUG=1",
					"$(inherited)",
				);
				GCC_WARN_64_TO_32_BIT_CONVERSION = YES;
				GCC_WARN_ABOUT_RETURN_TYPE = YES_ERROR;
				GCC_WARN_UNDECLARED_SELECTOR = YES;
				GCC_WARN_UNINITIALIZED_AUTOS = YES_AGGRESSIVE;
				GCC_WARN_UNUSED_FUNCTION = YES;
				GCC_WARN_UNUSED_VARIABLE = YES;
				IPHONEOS_DEPLOYMENT_TARGET = 9.2;
				MTL_ENABLE_DEBUG_INFO = YES;
				ONLY_ACTIVE_ARCH = YES;
				SDKROOT = iphoneos;
				TARGETED_DEVICE_FAMILY = "1,2";
			};
			name = Debug;
		};
		7EFFE2D21C39A7A9001896B0 /* Release */ = {
			isa = XCBuildConfiguration;
			buildSettings = {
				ALWAYS_SEARCH_USER_PATHS = NO;
				CLANG_CXX_LANGUAGE_STANDARD = "gnu++0x";
				CLANG_CXX_LIBRARY = "libc++";
				CLANG_ENABLE_MODULES = YES;
				CLANG_ENABLE_OBJC_ARC = YES;
				CLANG_WARN_BOOL_CONVERSION = YES;
				CLANG_WARN_CONSTANT_CONVERSION = YES;
				CLANG_WARN_DIRECT_OBJC_ISA_USAGE = YES_ERROR;
				CLANG_WARN_EMPTY_BODY = YES;
				CLANG_WARN_ENUM_CONVERSION = YES;
				CLANG_WARN_INT_CONVERSION = YES;
				CLANG_WARN_OBJC_ROOT_CLASS = YES_ERROR;
				CLANG_WARN_UNREACHABLE_CODE = YES;
				CLANG_WARN__DUPLICATE_METHOD_MATCH = YES;
				"CODE_SIGN_IDENTITY[sdk=iphoneos*]" = "iPhone Developer";
				COPY_PHASE_STRIP = NO;
				DEBUG_INFORMATION_FORMAT = "dwarf-with-dsym";
				ENABLE_NS_ASSERTIONS = NO;
				ENABLE_STRICT_OBJC_MSGSEND = YES;
				GCC_C_LANGUAGE_STANDARD = gnu99;
				GCC_NO_COMMON_BLOCKS = YES;
				GCC_WARN_64_TO_32_BIT_CONVERSION = YES;
				GCC_WARN_ABOUT_RETURN_TYPE = YES_ERROR;
				GCC_WARN_UNDECLARED_SELECTOR = YES;
				GCC_WARN_UNINITIALIZED_AUTOS = YES_AGGRESSIVE;
				GCC_WARN_UNUSED_FUNCTION = YES;
				GCC_WARN_UNUSED_VARIABLE = YES;
				IPHONEOS_DEPLOYMENT_TARGET = 9.2;
				MTL_ENABLE_DEBUG_INFO = NO;
				SDKROOT = iphoneos;
				TARGETED_DEVICE_FAMILY = "1,2";
				VALIDATE_PRODUCT = YES;
			};
			name = Release;
		};
		7EFFE2D41C39A7A9001896B0 /* Debug */ = {
			isa = XCBuildConfiguration;
			buildSettings = {
				ASSETCATALOG_COMPILER_APPICON_NAME = AppIcon;
				INFOPLIST_FILE = Test22/Info.plist;
				LD_RUNPATH_SEARCH_PATHS = "$(inherited) @executable_path/Frameworks";
				PRODUCT_BUNDLE_IDENTIFIER = Administrator.Test22;
				PRODUCT_NAME = "$(TARGET_NAME)";
			};
			name = Debug;
		};
		7EFFE2D51C39A7A9001896B0 /* Release */ = {
			isa = XCBuildConfiguration;
			buildSettings = {
				ASSETCATALOG_COMPILER_APPICON_NAME = AppIcon;
				INFOPLIST_FILE = Test22/Info.plist;
				LD_RUNPATH_SEARCH_PATHS = "$(inherited) @executable_path/Frameworks";
				PRODUCT_BUNDLE_IDENTIFIER = Administrator.Test22;
				PRODUCT_NAME = "$(TARGET_NAME)";
			};
			name = Release;
		};
/* End XCBuildConfiguration section */

/* Begin XCConfigurationList section */
		7EFFE2B71C39A7A9001896B0 /* Build configuration list for PBXProject "Test22" */ = {
			isa = XCConfigurationList;
			buildConfigurations = (
				7EFFE2D11C39A7A9001896B0 /* Debug */,
				7EFFE2D21C39A7A9001896B0 /* Release */,
			);
			defaultConfigurationIsVisible = 0;
			defaultConfigurationName = Release;
		};
		7EFFE2D31C39A7A9001896B0 /* Build configuration list for PBXNativeTarget "Test22" */ = {
			isa = XCConfigurationList;
			buildConfigurations = (
				7EFFE2D41C39A7A9001896B0 /* Debug */,
				7EFFE2D51C39A7A9001896B0 /* Release */,
			);
			defaultConfigurationIsVisible = 0;
			defaultConfigurationName = Release;
		};
/* End XCConfigurationList section */
	};
	rootObject = 7EFFE2B41C39A7A9001896B0 /* Project object */;
}
